
Microsoft Visual Studio Solution File, Format Version 12.00
# Visual Studio Version 16
VisualStudioVersion = 16.0.31702.278
MinimumVisualStudioVersion = 10.0.40219.1
Project("{2150E333-8FDC-42A3-9474-1A3956D46DE8}") = "_Solution Items", "_Solution Items", "{168183C4-5D69-42CA-9269-CA8DFC9DB9A5}"
	ProjectSection(SolutionItems) = preProject
		.editorconfig = .editorconfig
		.gitignore = .gitignore
		ExampleData\ExampleInput.xml = ExampleData\ExampleInput.xml
		ExampleData\ExampleOutput.json = ExampleData\ExampleOutput.json
		ExampleData\ExampleOutput.xml = ExampleData\ExampleOutput.xml
		ExampleData\ExampleOutput2.xml = ExampleData\ExampleOutput2.xml
		README.md = README.md
	EndProjectSection
EndProject
Project("{9A19103F-16F7-4668-BE54-9A1E7A4F7556}") = "PortersonToXml", "PortersonToXml\PortersonToXml.csproj", "{FE3A77F7-241F-47DD-82EC-76B2646420BF}"
EndProject
Project("{9A19103F-16F7-4668-BE54-9A1E7A4F7556}") = "PortersonToJson", "PortersonToJson\PortersonToJson.csproj", "{C618869F-893F-46F7-BB70-A7BDD54D773F}"
EndProject
Project("{9A19103F-16F7-4668-BE54-9A1E7A4F7556}") = "PortersonToXmlAndJson", "PortersonToXmlAndJson\PortersonToXmlAndJson.csproj", "{8D73FAFD-FE52-4BFF-950A-060AD6B3FEB5}"
EndProject
Project("{9A19103F-16F7-4668-BE54-9A1E7A4F7556}") = "PortersonToXml2", "PortersonToXml2\PortersonToXml2.csproj", "{401FE34D-57E7-45B8-9F5B-5A8674F3423F}"
EndProject
Project("{9A19103F-16F7-4668-BE54-9A1E7A4F7556}") = "PortersonToXml.Tests", "PortersonToXml.Tests\PortersonToXml.Tests.csproj", "{676D5F0C-D5BC-45A9-8E0E-32D85FB33CE6}"
EndProject
Project("{9A19103F-16F7-4668-BE54-9A1E7A4F7556}") = "PortersonToJson.Tests", "PortersonToJson.Tests\PortersonToJson.Tests.csproj", "{501D1922-D748-46F0-AA99-097EFADAE82C}"
EndProject
Project("{9A19103F-16F7-4668-BE54-9A1E7A4F7556}") = "PortersonToXml2.Tests", "PortersonToXml2.Tests\PortersonToXml2.Tests.csproj", "{E55AA820-FB87-49C2-AC05-EE61529480BA}"
EndProject
Project("{2150E333-8FDC-42A3-9474-1A3956D46DE8}") = "Part 1", "Part 1", "{1D54C567-C020-40CB-A68A-9AF7286729D3}"
EndProject
Project("{2150E333-8FDC-42A3-9474-1A3956D46DE8}") = "Part 2", "Part 2", "{FD3C525B-8BF5-4BBA-BB23-3517B95A7A06}"
EndProject
Project("{2150E333-8FDC-42A3-9474-1A3956D46DE8}") = "Part 3", "Part 3", "{B562FF58-D20A-47A9-BE66-7647288ECEB4}"
EndProject
Project("{2150E333-8FDC-42A3-9474-1A3956D46DE8}") = "Part 4", "Part 4", "{85E5DD7D-3DFD-4CFB-9391-4219002F2F44}"
EndProject
Global
	GlobalSection(SolutionConfigurationPlatforms) = preSolution
		Debug|Any CPU = Debug|Any CPU
		Release|Any CPU = Release|Any CPU
	EndGlobalSection
	GlobalSection(ProjectConfigurationPlatforms) = postSolution
		{FE3A77F7-241F-47DD-82EC-76B2646420BF}.Debug|Any CPU.ActiveCfg = Debug|Any CPU
		{FE3A77F7-241F-47DD-82EC-76B2646420BF}.Debug|Any CPU.Build.0 = Debug|Any CPU
		{FE3A77F7-241F-47DD-82EC-76B2646420BF}.Release|Any CPU.ActiveCfg = Release|Any CPU
		{FE3A77F7-241F-47DD-82EC-76B2646420BF}.Release|Any CPU.Build.0 = Release|Any CPU
		{C618869F-893F-46F7-BB70-A7BDD54D773F}.Debug|Any CPU.ActiveCfg = Debug|Any CPU
		{C618869F-893F-46F7-BB70-A7BDD54D773F}.Debug|Any CPU.Build.0 = Debug|Any CPU
		{C618869F-893F-46F7-BB70-A7BDD54D773F}.Release|Any CPU.ActiveCfg = Release|Any CPU
		{C618869F-893F-46F7-BB70-A7BDD54D773F}.Release|Any CPU.Build.0 = Release|Any CPU
		{8D73FAFD-FE52-4BFF-950A-060AD6B3FEB5}.Debug|Any CPU.ActiveCfg = Debug|Any CPU
		{8D73FAFD-FE52-4BFF-950A-060AD6B3FEB5}.Debug|Any CPU.Build.0 = Debug|Any CPU
		{8D73FAFD-FE52-4BFF-950A-060AD6B3FEB5}.Release|Any CPU.ActiveCfg = Release|Any CPU
		{8D73FAFD-FE52-4BFF-950A-060AD6B3FEB5}.Release|Any CPU.Build.0 = Release|Any CPU
		{401FE34D-57E7-45B8-9F5B-5A8674F3423F}.Debug|Any CPU.ActiveCfg = Debug|Any CPU
		{401FE34D-57E7-45B8-9F5B-5A8674F3423F}.Debug|Any CPU.Build.0 = Debug|Any CPU
		{401FE34D-57E7-45B8-9F5B-5A8674F3423F}.Release|Any CPU.ActiveCfg = Release|Any CPU
		{401FE34D-57E7-45B8-9F5B-5A8674F3423F}.Release|Any CPU.Build.0 = Release|Any CPU
		{676D5F0C-D5BC-45A9-8E0E-32D85FB33CE6}.Debug|Any CPU.ActiveCfg = Debug|Any CPU
		{676D5F0C-D5BC-45A9-8E0E-32D85FB33CE6}.Debug|Any CPU.Build.0 = Debug|Any CPU
		{676D5F0C-D5BC-45A9-8E0E-32D85FB33CE6}.Release|Any CPU.ActiveCfg = Release|Any CPU
		{676D5F0C-D5BC-45A9-8E0E-32D85FB33CE6}.Release|Any CPU.Build.0 = Release|Any CPU
		{501D1922-D748-46F0-AA99-097EFADAE82C}.Debug|Any CPU.ActiveCfg = Debug|Any CPU
		{501D1922-D748-46F0-AA99-097EFADAE82C}.Debug|Any CPU.Build.0 = Debug|Any CPU
		{501D1922-D748-46F0-AA99-097EFADAE82C}.Release|Any CPU.ActiveCfg = Release|Any CPU
		{501D1922-D748-46F0-AA99-097EFADAE82C}.Release|Any CPU.Build.0 = Release|Any CPU
		{E55AA820-FB87-49C2-AC05-EE61529480BA}.Debug|Any CPU.ActiveCfg = Debug|Any CPU
		{E55AA820-FB87-49C2-AC05-EE61529480BA}.Debug|Any CPU.Build.0 = Debug|Any CPU
		{E55AA820-FB87-49C2-AC05-EE61529480BA}.Release|Any CPU.ActiveCfg = Release|Any CPU
		{E55AA820-FB87-49C2-AC05-EE61529480BA}.Release|Any CPU.Build.0 = Release|Any CPU
	EndGlobalSection
	GlobalSection(SolutionProperties) = preSolution
		HideSolutionNode = FALSE
	EndGlobalSection
	GlobalSection(NestedProjects) = preSolution
		{FE3A77F7-241F-47DD-82EC-76B2646420BF} = {1D54C567-C020-40CB-A68A-9AF7286729D3}
		{C618869F-893F-46F7-BB70-A7BDD54D773F} = {FD3C525B-8BF5-4BBA-BB23-3517B95A7A06}
		{8D73FAFD-FE52-4BFF-950A-060AD6B3FEB5} = {B562FF58-D20A-47A9-BE66-7647288ECEB4}
		{401FE34D-57E7-45B8-9F5B-5A8674F3423F} = {85E5DD7D-3DFD-4CFB-9391-4219002F2F44}
		{676D5F0C-D5BC-45A9-8E0E-32D85FB33CE6} = {1D54C567-C020-40CB-A68A-9AF7286729D3}
		{501D1922-D748-46F0-AA99-097EFADAE82C} = {FD3C525B-8BF5-4BBA-BB23-3517B95A7A06}
		{E55AA820-FB87-49C2-AC05-EE61529480BA} = {85E5DD7D-3DFD-4CFB-9391-4219002F2F44}
	EndGlobalSection
	GlobalSection(ExtensibilityGlobals) = postSolution
		SolutionGuid = {0172F64B-FE23-4CC4-BD83-40C5F38EE8E1}
	EndGlobalSection
EndGlobal
